
Microsoft Visual Studio Solution File, Format Version 12.00
# Visual Studio Version 17
VisualStudioVersion = 17.0.31903.59
MinimumVisualStudioVersion = 10.0.40219.1
Project("{2150E333-8FDC-42A3-9474-1A3956D46DE8}") = "WebAPI", "WebAPI", "{C470B3D2-8E5D-4D69-BEFF-C9E53E5730AF}"
EndProject
Project("{2150E333-8FDC-42A3-9474-1A3956D46DE8}") = "DAL", "DAL", "{48166389-8BB2-4089-A698-70B04EDB6D36}"
EndProject
Project("{2150E333-8FDC-42A3-9474-1A3956D46DE8}") = "Domain", "Domain", "{69B84BBA-8B28-47C1-B542-22FDD4F1DD96}"
EndProject
Project("{2150E333-8FDC-42A3-9474-1A3956D46DE8}") = "Services", "Services", "{A361CB24-2EFC-49C0-95B0-8FC517F29926}"
EndProject
Project("{2150E333-8FDC-42A3-9474-1A3956D46DE8}") = "Tests", "Tests", "{E9D164A4-198B-47EB-A001-66444668929A}"
EndProject
Project("{9A19103F-16F7-4668-BE54-9A1E7A4F7556}") = "WalletWatch.WebAPI", "WebAPI\WalletWatch.WebAPI\WalletWatch.WebAPI.csproj", "{B57ACE53-D7AA-476F-B8C5-7874E2C8D580}"
EndProject
Project("{2150E333-8FDC-42A3-9474-1A3956D46DE8}") = "Solution Items", "Solution Items", "{FA3B5CB8-DE5E-43E7-AA15-9B437012DA71}"
	ProjectSection(SolutionItems) = preProject
		.gitattributes = .gitattributes
		.gitignore = .gitignore
	EndProjectSection
EndProject
Project("{9A19103F-16F7-4668-BE54-9A1E7A4F7556}") = "WalletWatch.Domain", "Domain\WalletWatch.Domain\WalletWatch.Domain.csproj", "{421E4082-C18B-4DA3-97BF-9763B89AD3C8}"
EndProject
Project("{9A19103F-16F7-4668-BE54-9A1E7A4F7556}") = "WalletWatch.EF", "DAL\WalletWatch.EF\WalletWatch.EF.csproj", "{8E02ECF0-8724-4EC6-81C6-CDA283BBB632}"
EndProject
Project("{2150E333-8FDC-42A3-9474-1A3956D46DE8}") = "ClientApp", "ClientApp", "{2D3092D5-ABF6-4A58-84AE-0BF7780043BC}"
EndProject
Project("{54A90642-561A-4BB1-A94E-469ADEE60C69}") = "WalletWatch.WebUI", "ClientApp\WalletWatch.WebUI\WalletWatch.WebUI.esproj", "{47C755A0-041E-49EA-B7EA-367D8F5D9F43}"
EndProject
Project("{9A19103F-16F7-4668-BE54-9A1E7A4F7556}") = "WalletWatch.Monitoring", "Services\WalletWatch.Monitoring\WalletWatch.Monitoring.csproj", "{9AA0BBBB-79DE-4824-B5BA-7B85CE1B1973}"
EndProject
Project("{FAE04EC0-301F-11D3-BF4B-00C04F79EFBC}") = "WalletWatch.WebAPI.Tests", "Tests\WalletWatch.WebAPI.Tests\WalletWatch.WebAPI.Tests.csproj", "{84810304-AAB5-4DBE-ADB7-C407D61EBFAF}"
	ProjectSection(ProjectDependencies) = postProject
		{B57ACE53-D7AA-476F-B8C5-7874E2C8D580} = {B57ACE53-D7AA-476F-B8C5-7874E2C8D580}
	EndProjectSection
EndProject
Global
	GlobalSection(SolutionConfigurationPlatforms) = preSolution
		Debug|Any CPU = Debug|Any CPU
		Release|Any CPU = Release|Any CPU
	EndGlobalSection
	GlobalSection(ProjectConfigurationPlatforms) = postSolution
		{B57ACE53-D7AA-476F-B8C5-7874E2C8D580}.Debug|Any CPU.ActiveCfg = Debug|Any CPU
		{B57ACE53-D7AA-476F-B8C5-7874E2C8D580}.Debug|Any CPU.Build.0 = Debug|Any CPU
		{B57ACE53-D7AA-476F-B8C5-7874E2C8D580}.Release|Any CPU.ActiveCfg = Release|Any CPU
		{B57ACE53-D7AA-476F-B8C5-7874E2C8D580}.Release|Any CPU.Build.0 = Release|Any CPU
		{421E4082-C18B-4DA3-97BF-9763B89AD3C8}.Debug|Any CPU.ActiveCfg = Debug|Any CPU
		{421E4082-C18B-4DA3-97BF-9763B89AD3C8}.Debug|Any CPU.Build.0 = Debug|Any CPU
		{421E4082-C18B-4DA3-97BF-9763B89AD3C8}.Release|Any CPU.ActiveCfg = Release|Any CPU
		{421E4082-C18B-4DA3-97BF-9763B89AD3C8}.Release|Any CPU.Build.0 = Release|Any CPU
		{8E02ECF0-8724-4EC6-81C6-CDA283BBB632}.Debug|Any CPU.ActiveCfg = Debug|Any CPU
		{8E02ECF0-8724-4EC6-81C6-CDA283BBB632}.Debug|Any CPU.Build.0 = Debug|Any CPU
		{8E02ECF0-8724-4EC6-81C6-CDA283BBB632}.Release|Any CPU.ActiveCfg = Release|Any CPU
		{8E02ECF0-8724-4EC6-81C6-CDA283BBB632}.Release|Any CPU.Build.0 = Release|Any CPU
		{47C755A0-041E-49EA-B7EA-367D8F5D9F43}.Debug|Any CPU.ActiveCfg = Debug|Any CPU
		{47C755A0-041E-49EA-B7EA-367D8F5D9F43}.Debug|Any CPU.Build.0 = Debug|Any CPU
		{47C755A0-041E-49EA-B7EA-367D8F5D9F43}.Debug|Any CPU.Deploy.0 = Debug|Any CPU
		{47C755A0-041E-49EA-B7EA-367D8F5D9F43}.Release|Any CPU.ActiveCfg = Release|Any CPU
		{47C755A0-041E-49EA-B7EA-367D8F5D9F43}.Release|Any CPU.Build.0 = Release|Any CPU
		{47C755A0-041E-49EA-B7EA-367D8F5D9F43}.Release|Any CPU.Deploy.0 = Release|Any CPU
		{9AA0BBBB-79DE-4824-B5BA-7B85CE1B1973}.Debug|Any CPU.ActiveCfg = Debug|Any CPU
		{9AA0BBBB-79DE-4824-B5BA-7B85CE1B1973}.Debug|Any CPU.Build.0 = Debug|Any CPU
		{9AA0BBBB-79DE-4824-B5BA-7B85CE1B1973}.Release|Any CPU.ActiveCfg = Release|Any CPU
		{9AA0BBBB-79DE-4824-B5BA-7B85CE1B1973}.Release|Any CPU.Build.0 = Release|Any CPU
		{84810304-AAB5-4DBE-ADB7-C407D61EBFAF}.Debug|Any CPU.ActiveCfg = Debug|Any CPU
		{84810304-AAB5-4DBE-ADB7-C407D61EBFAF}.Debug|Any CPU.Build.0 = Debug|Any CPU
		{84810304-AAB5-4DBE-ADB7-C407D61EBFAF}.Release|Any CPU.ActiveCfg = Release|Any CPU
		{84810304-AAB5-4DBE-ADB7-C407D61EBFAF}.Release|Any CPU.Build.0 = Release|Any CPU
	EndGlobalSection
	GlobalSection(SolutionProperties) = preSolution
		HideSolutionNode = FALSE
	EndGlobalSection
	GlobalSection(NestedProjects) = preSolution
		{B57ACE53-D7AA-476F-B8C5-7874E2C8D580} = {C470B3D2-8E5D-4D69-BEFF-C9E53E5730AF}
		{421E4082-C18B-4DA3-97BF-9763B89AD3C8} = {69B84BBA-8B28-47C1-B542-22FDD4F1DD96}
		{8E02ECF0-8724-4EC6-81C6-CDA283BBB632} = {48166389-8BB2-4089-A698-70B04EDB6D36}
		{47C755A0-041E-49EA-B7EA-367D8F5D9F43} = {2D3092D5-ABF6-4A58-84AE-0BF7780043BC}
		{9AA0BBBB-79DE-4824-B5BA-7B85CE1B1973} = {A361CB24-2EFC-49C0-95B0-8FC517F29926}
		{84810304-AAB5-4DBE-ADB7-C407D61EBFAF} = {E9D164A4-198B-47EB-A001-66444668929A}
	EndGlobalSection
	GlobalSection(ExtensibilityGlobals) = postSolution
		SolutionGuid = {6440A59C-D3D8-4738-9AF7-0147489E570B}
	EndGlobalSection
EndGlobal
